
Microsoft Visual Studio Solution File, Format Version 12.00
# Visual Studio 2012
Project("{FAE04EC0-301F-11D3-BF4B-00C04F79EFBC}") = "findCommonInterests", "findCommonInterests\findCommonInterests.csproj", "{9EF6CCA0-59AF-4613-992D-D5DB343C432D}"
EndProject
Global
	GlobalSection(SolutionConfigurationPlatforms) = preSolution
		Debug|Any CPU = Debug|Any CPU
		Release|Any CPU = Release|Any CPU
	EndGlobalSection
	GlobalSection(ProjectConfigurationPlatforms) = postSolution
		{9EF6CCA0-59AF-4613-992D-D5DB343C432D}.Debug|Any CPU.ActiveCfg = Debug|Any CPU
		{9EF6CCA0-59AF-4613-992D-D5DB343C432D}.Debug|Any CPU.Build.0 = Debug|Any CPU
		{9EF6CCA0-59AF-4613-992D-D5DB343C432D}.Release|Any CPU.ActiveCfg = Release|Any CPU
		{9EF6CCA0-59AF-4613-992D-D5DB343C432D}.Release|Any CPU.Build.0 = Release|Any CPU
	EndGlobalSection
	GlobalSection(SolutionProperties) = preSolution
		HideSolutionNode = FALSE
	EndGlobalSection
EndGlobal
